# Pinned cgfx-tools release contract.
TOOL_NAME=cgfx-tools
RELEASE_TAG=v0.2.0
RELEASE_REPOSITORY=FreezingSnail/CreatureGathererTools
SHA256_CGFX_TOOLS_MACOS_ARM64=768245d149a9f0fce9c992ebbda0f3d1f74d4fedbcb9ecb0e95e7d52d14b79a4
SHA256_CGFX_TOOLS_LINUX_X64=cfba8106018296593a9c3e935f8a6c59c6a95edbb049f8eee8b26c1042198880
