# Pinned cgfx-tools release contract.
TOOL_NAME=cgfx-tools
RELEASE_TAG=v0.1.0
RELEASE_REPOSITORY=FreezingSnail/CreatureGathererTools
SHA256_CGFX_TOOLS_MACOS_ARM64=70576f759f1bc071df3c5416b4d8754cd916f7ac8dcff098f387ca4bab49284f
SHA256_CGFX_TOOLS_LINUX_X64=b9536f31ecfd34c6dc3e56324ef52a4f8eef6d0c4bb61563cb5b7d7e751b1489
